
Microsoft Visual Studio Solution File, Format Version 12.00
# Visual Studio Version 16
VisualStudioVersion = 16.0.30413.136
MinimumVisualStudioVersion = 10.0.40219.1
Project("{9A19103F-16F7-4668-BE54-9A1E7A4F7556}") = "AzureFunctions.Extensions.Swashbuckle", "AzureFunctions.Extensions.Swashbuckle.csproj", "{42B2F4D7-CF39-4834-9108-FEEF8FC07A2A}"
EndProject
Project("{9A19103F-16F7-4668-BE54-9A1E7A4F7556}") = "TestFunction", "..\TestFunction\TestFunction.csproj", "{2537D00A-E244-4DCB-850F-9C3443B41D9F}"
EndProject
Global
	GlobalSection(SolutionConfigurationPlatforms) = preSolution
		Debug|Any CPU = Debug|Any CPU
		Release|Any CPU = Release|Any CPU
	EndGlobalSection
	GlobalSection(ProjectConfigurationPlatforms) = postSolution
		{42B2F4D7-CF39-4834-9108-FEEF8FC07A2A}.Debug|Any CPU.ActiveCfg = Debug|Any CPU
		{42B2F4D7-CF39-4834-9108-FEEF8FC07A2A}.Debug|Any CPU.Build.0 = Debug|Any CPU
		{42B2F4D7-CF39-4834-9108-FEEF8FC07A2A}.Release|Any CPU.ActiveCfg = Release|Any CPU
		{42B2F4D7-CF39-4834-9108-FEEF8FC07A2A}.Release|Any CPU.Build.0 = Release|Any CPU
		{2537D00A-E244-4DCB-850F-9C3443B41D9F}.Debug|Any CPU.ActiveCfg = Debug|Any CPU
		{2537D00A-E244-4DCB-850F-9C3443B41D9F}.Debug|Any CPU.Build.0 = Debug|Any CPU
		{2537D00A-E244-4DCB-850F-9C3443B41D9F}.Release|Any CPU.ActiveCfg = Release|Any CPU
		{2537D00A-E244-4DCB-850F-9C3443B41D9F}.Release|Any CPU.Build.0 = Release|Any CPU
	EndGlobalSection
	GlobalSection(SolutionProperties) = preSolution
		HideSolutionNode = FALSE
	EndGlobalSection
	GlobalSection(ExtensibilityGlobals) = postSolution
		SolutionGuid = {15FD4DA5-EB70-4085-AFD7-870EAA69EFFB}
	EndGlobalSection
EndGlobal
